
Microsoft Visual Studio Solution File, Format Version 12.00
# Visual Studio Version 17
VisualStudioVersion = 17.14.36705.20 d17.14
MinimumVisualStudioVersion = 10.0.40219.1
Project("{FAE04EC0-301F-11D3-BF4B-00C04F79EFBC}") = "ejercicio_examen", "ejercicio_examen\ejercicio_examen.csproj", "{C5F9AF11-E5B0-4C40-9F2C-263349FF1668}"
EndProject
Global
	GlobalSection(SolutionConfigurationPlatforms) = preSolution
		Debug|Any CPU = Debug|Any CPU
		Release|Any CPU = Release|Any CPU
	EndGlobalSection
	GlobalSection(ProjectConfigurationPlatforms) = postSolution
		{C5F9AF11-E5B0-4C40-9F2C-263349FF1668}.Debug|Any CPU.ActiveCfg = Debug|Any CPU
		{C5F9AF11-E5B0-4C40-9F2C-263349FF1668}.Debug|Any CPU.Build.0 = Debug|Any CPU
		{C5F9AF11-E5B0-4C40-9F2C-263349FF1668}.Release|Any CPU.ActiveCfg = Release|Any CPU
		{C5F9AF11-E5B0-4C40-9F2C-263349FF1668}.Release|Any CPU.Build.0 = Release|Any CPU
	EndGlobalSection
	GlobalSection(SolutionProperties) = preSolution
		HideSolutionNode = FALSE
	EndGlobalSection
	GlobalSection(ExtensibilityGlobals) = postSolution
		SolutionGuid = {FC275EEF-01A6-459A-A540-0C620C982E62}
	EndGlobalSection
EndGlobal
