
Microsoft Visual Studio Solution File, Format Version 12.00
# Visual Studio Version 17
VisualStudioVersion = 17.14.36705.20 d17.14
MinimumVisualStudioVersion = 10.0.40219.1
Project("{FAE04EC0-301F-11D3-BF4B-00C04F79EFBC}") = "ejercicio4", "ejercicio4\ejercicio4.csproj", "{7FB001F3-4DEB-45EA-BF67-2D085160E582}"
EndProject
Global
	GlobalSection(SolutionConfigurationPlatforms) = preSolution
		Debug|Any CPU = Debug|Any CPU
		Release|Any CPU = Release|Any CPU
	EndGlobalSection
	GlobalSection(ProjectConfigurationPlatforms) = postSolution
		{7FB001F3-4DEB-45EA-BF67-2D085160E582}.Debug|Any CPU.ActiveCfg = Debug|Any CPU
		{7FB001F3-4DEB-45EA-BF67-2D085160E582}.Debug|Any CPU.Build.0 = Debug|Any CPU
		{7FB001F3-4DEB-45EA-BF67-2D085160E582}.Release|Any CPU.ActiveCfg = Release|Any CPU
		{7FB001F3-4DEB-45EA-BF67-2D085160E582}.Release|Any CPU.Build.0 = Release|Any CPU
	EndGlobalSection
	GlobalSection(SolutionProperties) = preSolution
		HideSolutionNode = FALSE
	EndGlobalSection
	GlobalSection(ExtensibilityGlobals) = postSolution
		SolutionGuid = {36ACD48B-D2DA-48CF-A02E-78DEB7A22CB6}
	EndGlobalSection
EndGlobal
